
Microsoft Visual Studio Solution File, Format Version 12.00
# Visual Studio Version 17
VisualStudioVersion = 17.0.32112.339
MinimumVisualStudioVersion = 10.0.40219.1
Project("{FAE04EC0-301F-11D3-BF4B-00C04F79EFBC}") = "Q3 of Assignment 5", "Q3 of Assignment 5.csproj", "{05ADF9FB-DA34-4BC3-9BB4-8175D8D838F5}"
EndProject
Global
	GlobalSection(SolutionConfigurationPlatforms) = preSolution
		Debug|Any CPU = Debug|Any CPU
		Release|Any CPU = Release|Any CPU
	EndGlobalSection
	GlobalSection(ProjectConfigurationPlatforms) = postSolution
		{05ADF9FB-DA34-4BC3-9BB4-8175D8D838F5}.Debug|Any CPU.ActiveCfg = Debug|Any CPU
		{05ADF9FB-DA34-4BC3-9BB4-8175D8D838F5}.Debug|Any CPU.Build.0 = Debug|Any CPU
		{05ADF9FB-DA34-4BC3-9BB4-8175D8D838F5}.Release|Any CPU.ActiveCfg = Release|Any CPU
		{05ADF9FB-DA34-4BC3-9BB4-8175D8D838F5}.Release|Any CPU.Build.0 = Release|Any CPU
	EndGlobalSection
	GlobalSection(SolutionProperties) = preSolution
		HideSolutionNode = FALSE
	EndGlobalSection
	GlobalSection(ExtensibilityGlobals) = postSolution
		SolutionGuid = {45D88649-24C8-4555-903D-B0D03870D262}
	EndGlobalSection
EndGlobal
