
Microsoft Visual Studio Solution File, Format Version 12.00
# Visual Studio Version 17
VisualStudioVersion = 17.0.32112.339
MinimumVisualStudioVersion = 10.0.40219.1
Project("{FAE04EC0-301F-11D3-BF4B-00C04F79EFBC}") = "Q2 of Assignment 3", "Q2 of Assignment 3.csproj", "{058D1594-CA25-42B2-8843-D79970C9131E}"
EndProject
Global
	GlobalSection(SolutionConfigurationPlatforms) = preSolution
		Debug|Any CPU = Debug|Any CPU
		Release|Any CPU = Release|Any CPU
	EndGlobalSection
	GlobalSection(ProjectConfigurationPlatforms) = postSolution
		{058D1594-CA25-42B2-8843-D79970C9131E}.Debug|Any CPU.ActiveCfg = Debug|Any CPU
		{058D1594-CA25-42B2-8843-D79970C9131E}.Debug|Any CPU.Build.0 = Debug|Any CPU
		{058D1594-CA25-42B2-8843-D79970C9131E}.Release|Any CPU.ActiveCfg = Release|Any CPU
		{058D1594-CA25-42B2-8843-D79970C9131E}.Release|Any CPU.Build.0 = Release|Any CPU
	EndGlobalSection
	GlobalSection(SolutionProperties) = preSolution
		HideSolutionNode = FALSE
	EndGlobalSection
	GlobalSection(ExtensibilityGlobals) = postSolution
		SolutionGuid = {0F290B3F-5F83-409C-B100-ADBEE3876A4C}
	EndGlobalSection
EndGlobal
